
Microsoft Visual Studio Solution File, Format Version 12.00
# Visual Studio Version 17
VisualStudioVersion = 17.3.32922.545
MinimumVisualStudioVersion = 10.0.40219.1
Project("{FAE04EC0-301F-11D3-BF4B-00C04F79EFBC}") = "StructConsole", "StructConsole.csproj", "{189AF6B3-1A20-4F7E-AD9D-65336D0E885D}"
EndProject
Global
	GlobalSection(SolutionConfigurationPlatforms) = preSolution
		Debug|Any CPU = Debug|Any CPU
		Release|Any CPU = Release|Any CPU
	EndGlobalSection
	GlobalSection(ProjectConfigurationPlatforms) = postSolution
		{189AF6B3-1A20-4F7E-AD9D-65336D0E885D}.Debug|Any CPU.ActiveCfg = Debug|Any CPU
		{189AF6B3-1A20-4F7E-AD9D-65336D0E885D}.Debug|Any CPU.Build.0 = Debug|Any CPU
		{189AF6B3-1A20-4F7E-AD9D-65336D0E885D}.Release|Any CPU.ActiveCfg = Release|Any CPU
		{189AF6B3-1A20-4F7E-AD9D-65336D0E885D}.Release|Any CPU.Build.0 = Release|Any CPU
	EndGlobalSection
	GlobalSection(SolutionProperties) = preSolution
		HideSolutionNode = FALSE
	EndGlobalSection
	GlobalSection(ExtensibilityGlobals) = postSolution
		SolutionGuid = {426949B2-0FD9-4F6F-8AE0-97E5C289F6F6}
	EndGlobalSection
EndGlobal
